// !$*UTF8*$!
{
	archiveVersion = 1;
	classes = {
	};
	objectVersion = 46;
	objects = {

/* Begin PBXBuildFile section */
		CEFA8C8D19F9F8FB00A7D6DF /* Foundation.framework in Frameworks */ = {isa = PBXBuildFile; fileRef = CEFA8C8C19F9F8FB00A7D6DF /* Foundation.framework */; };
		CEFA8C8F19F9F8FB00A7D6DF /* CoreGraphics.framework in Frameworks */ = {isa = PBXBuildFile; fileRef = CEFA8C8E19F9F8FB00A7D6DF /* CoreGraphics.framework */; };
		CEFA8C9119F9F8FB00A7D6DF /* UIKit.framework in Frameworks */ = {isa = PBXBuildFile; fileRef = CEFA8C9019F9F8FB00A7D6DF /* UIKit.framework */; };
		CEFA8C9719F9F8FB00A7D6DF /* InfoPlist.strings in Resources */ = {isa = PBXBuildFile; fileRef = CEFA8C9519F9F8FB00A7D6DF /* InfoPlist.strings */; };
		CEFA8C9919F9F8FB00A7D6DF /* main.m in Sources */ = {isa = PBXBuildFile; fileRef = CEFA8C9819F9F8FB00A7D6DF /* main.m */; };
		CEFA8C9D19F9F8FB00A7D6DF /* AppDelegate.m in Sources */ = {isa = PBXBuildFile; fileRef = CEFA8C9C19F9F8FB00A7D6DF /* AppDelegate.m */; };
		CEFA8C9F19F9F8FB00A7D6DF /* Images.xcassets in Resources */ = {isa = PBXBuildFile; fileRef = CEFA8C9E19F9F8FB00A7D6DF /* Images.xcassets */; };
		CEFA8CA619F9F8FB00A7D6DF /* XCTest.framework in Frameworks */ = {isa = PBXBuildFile; fileRef = CEFA8CA519F9F8FB00A7D6DF /* XCTest.framework */; };
		CEFA8CA719F9F8FB00A7D6DF /* Foundation.framework in Frameworks */ = {isa = PBXBuildFile; fileRef = CEFA8C8C19F9F8FB00A7D6DF /* Foundation.framework */; };
		CEFA8CA819F9F8FB00A7D6DF /* UIKit.framework in Frameworks */ = {isa = PBXBuildFile; fileRef = CEFA8C9019F9F8FB00A7D6DF /* UIKit.framework */; };
		CEFA8CB019F9F8FB00A7D6DF /* InfoPlist.strings in Resources */ = {isa = PBXBuildFile; fileRef = CEFA8CAE19F9F8FB00A7D6DF /* InfoPlist.strings */; };
		CEFA8CB219F9F8FB00A7D6DF /* PFCarouselViewTests.m in Sources */ = {isa = PBXBuildFile; fileRef = CEFA8CB119F9F8FB00A7D6DF /* PFCarouselViewTests.m */; };
		CEFA8CBE19F9F96900A7D6DF /* PFCarouselView.m in Sources */ = {isa = PBXBuildFile; fileRef = CEFA8CBD19F9F96900A7D6DF /* PFCarouselView.m */; };
		CEFA8CC119F9FCEC00A7D6DF /* RootVC.m in Sources */ = {isa = PBXBuildFile; fileRef = CEFA8CC019F9FCEC00A7D6DF /* RootVC.m */; };
/* End PBXBuildFile section */

/* Begin PBXContainerItemProxy section */
		CEFA8CA919F9F8FB00A7D6DF /* PBXContainerItemProxy */ = {
			isa = PBXContainerItemProxy;
			containerPortal = CEFA8C8119F9F8FB00A7D6DF /* Project object */;
			proxyType = 1;
			remoteGlobalIDString = CEFA8C8819F9F8FB00A7D6DF;
			remoteInfo = PFCarouselView;
		};
/* End PBXContainerItemProxy section */

/* Begin PBXFileReference section */
		CEFA8C8919F9F8FB00A7D6DF /* PFCarouselView.app */ = {isa = PBXFileReference; explicitFileType = wrapper.application; includeInIndex = 0; path = PFCarouselView.app; sourceTree = BUILT_PRODUCTS_DIR; };
		CEFA8C8C19F9F8FB00A7D6DF /* Foundation.framework */ = {isa = PBXFileReference; lastKnownFileType = wrapper.framework; name = Foundation.framework; path = System/Library/Frameworks/Foundation.framework; sourceTree = SDKROOT; };
		CEFA8C8E19F9F8FB00A7D6DF /* CoreGraphics.framework */ = {isa = PBXFileReference; lastKnownFileType = wrapper.framework; name = CoreGraphics.framework; path = System/Library/Frameworks/CoreGraphics.framework; sourceTree = SDKROOT; };
		CEFA8C9019F9F8FB00A7D6DF /* UIKit.framework */ = {isa = PBXFileReference; lastKnownFileType = wrapper.framework; name = UIKit.framework; path = System/Library/Frameworks/UIKit.framework; sourceTree = SDKROOT; };
		CEFA8C9419F9F8FB00A7D6DF /* PFCarouselView-Info.plist */ = {isa = PBXFileReference; lastKnownFileType = text.plist.xml; path = "PFCarouselView-Info.plist"; sourceTree = "<group>"; };
		CEFA8C9619F9F8FB00A7D6DF /* en */ = {isa = PBXFileReference; lastKnownFileType = text.plist.strings; name = en; path = en.lproj/InfoPlist.strings; sourceTree = "<group>"; };
		CEFA8C9819F9F8FB00A7D6DF /* main.m */ = {isa = PBXFileReference; lastKnownFileType = sourcecode.c.objc; path = main.m; sourceTree = "<group>"; };
		CEFA8C9A19F9F8FB00A7D6DF /* PFCarouselView-Prefix.pch */ = {isa = PBXFileReference; lastKnownFileType = sourcecode.c.h; path = "PFCarouselView-Prefix.pch"; sourceTree = "<group>"; };
		CEFA8C9B19F9F8FB00A7D6DF /* AppDelegate.h */ = {isa = PBXFileReference; lastKnownFileType = sourcecode.c.h; path = AppDelegate.h; sourceTree = "<group>"; };
		CEFA8C9C19F9F8FB00A7D6DF /* AppDelegate.m */ = {isa = PBXFileReference; lastKnownFileType = sourcecode.c.objc; path = AppDelegate.m; sourceTree = "<group>"; };
		CEFA8C9E19F9F8FB00A7D6DF /* Images.xcassets */ = {isa = PBXFileReference; lastKnownFileType = folder.assetcatalog; path = Images.xcassets; sourceTree = "<group>"; };
		CEFA8CA419F9F8FB00A7D6DF /* PFCarouselViewTests.xctest */ = {isa = PBXFileReference; explicitFileType = wrapper.cfbundle; includeInIndex = 0; path = PFCarouselViewTests.xctest; sourceTree = BUILT_PRODUCTS_DIR; };
		CEFA8CA519F9F8FB00A7D6DF /* XCTest.framework */ = {isa = PBXFileReference; lastKnownFileType = wrapper.framework; name = XCTest.framework; path = Library/Frameworks/XCTest.framework; sourceTree = DEVELOPER_DIR; };
		CEFA8CAD19F9F8FB00A7D6DF /* PFCarouselViewTests-Info.plist */ = {isa = PBXFileReference; lastKnownFileType = text.plist.xml; path = "PFCarouselViewTests-Info.plist"; sourceTree = "<group>"; };
		CEFA8CAF19F9F8FB00A7D6DF /* en */ = {isa = PBXFileReference; lastKnownFileType = text.plist.strings; name = en; path = en.lproj/InfoPlist.strings; sourceTree = "<group>"; };
		CEFA8CB119F9F8FB00A7D6DF /* PFCarouselViewTests.m */ = {isa = PBXFileReference; lastKnownFileType = sourcecode.c.objc; path = PFCarouselViewTests.m; sourceTree = "<group>"; };
		CEFA8CBC19F9F96900A7D6DF /* PFCarouselView.h */ = {isa = PBXFileReference; fileEncoding = 4; lastKnownFileType = sourcecode.c.h; path = PFCarouselView.h; sourceTree = "<group>"; };
		CEFA8CBD19F9F96900A7D6DF /* PFCarouselView.m */ = {isa = PBXFileReference; fileEncoding = 4; lastKnownFileType = sourcecode.c.objc; path = PFCarouselView.m; sourceTree = "<group>"; };
		CEFA8CBF19F9FCEC00A7D6DF /* RootVC.h */ = {isa = PBXFileReference; fileEncoding = 4; lastKnownFileType = sourcecode.c.h; path = RootVC.h; sourceTree = "<group>"; };
		CEFA8CC019F9FCEC00A7D6DF /* RootVC.m */ = {isa = PBXFileReference; fileEncoding = 4; lastKnownFileType = sourcecode.c.objc; path = RootVC.m; sourceTree = "<group>"; };
/* End PBXFileReference section */

/* Begin PBXFrameworksBuildPhase section */
		CEFA8C8619F9F8FB00A7D6DF /* Frameworks */ = {
			isa = PBXFrameworksBuildPhase;
			buildActionMask = 2147483647;
			files = (
				CEFA8C8F19F9F8FB00A7D6DF /* CoreGraphics.framework in Frameworks */,
				CEFA8C9119F9F8FB00A7D6DF /* UIKit.framework in Frameworks */,
				CEFA8C8D19F9F8FB00A7D6DF /* Foundation.framework in Frameworks */,
			);
			runOnlyForDeploymentPostprocessing = 0;
		};
		CEFA8CA119F9F8FB00A7D6DF /* Frameworks */ = {
			isa = PBXFrameworksBuildPhase;
			buildActionMask = 2147483647;
			files = (
				CEFA8CA619F9F8FB00A7D6DF /* XCTest.framework in Frameworks */,
				CEFA8CA819F9F8FB00A7D6DF /* UIKit.framework in Frameworks */,
				CEFA8CA719F9F8FB00A7D6DF /* Foundation.framework in Frameworks */,
			);
			runOnlyForDeploymentPostprocessing = 0;
		};
/* End PBXFrameworksBuildPhase section */

/* Begin PBXGroup section */
		CEFA8C8019F9F8FB00A7D6DF = {
			isa = PBXGroup;
			children = (
				CEFA8C9219F9F8FB00A7D6DF /* PFCarouselView */,
				CEFA8CAB19F9F8FB00A7D6DF /* PFCarouselViewTests */,
				CEFA8C8B19F9F8FB00A7D6DF /* Frameworks */,
				CEFA8C8A19F9F8FB00A7D6DF /* Products */,
			);
			sourceTree = "<group>";
		};
		CEFA8C8A19F9F8FB00A7D6DF /* Products */ = {
			isa = PBXGroup;
			children = (
				CEFA8C8919F9F8FB00A7D6DF /* PFCarouselView.app */,
				CEFA8CA419F9F8FB00A7D6DF /* PFCarouselViewTests.xctest */,
			);
			name = Products;
			sourceTree = "<group>";
		};
		CEFA8C8B19F9F8FB00A7D6DF /* Frameworks */ = {
			isa = PBXGroup;
			children = (
				CEFA8C8C19F9F8FB00A7D6DF /* Foundation.framework */,
				CEFA8C8E19F9F8FB00A7D6DF /* CoreGraphics.framework */,
				CEFA8C9019F9F8FB00A7D6DF /* UIKit.framework */,
				CEFA8CA519F9F8FB00A7D6DF /* XCTest.framework */,
			);
			name = Frameworks;
			sourceTree = "<group>";
		};
		CEFA8C9219F9F8FB00A7D6DF /* PFCarouselView */ = {
			isa = PBXGroup;
			children = (
				CEFA8C9B19F9F8FB00A7D6DF /* AppDelegate.h */,
				CEFA8C9C19F9F8FB00A7D6DF /* AppDelegate.m */,
				CEFA8CBF19F9FCEC00A7D6DF /* RootVC.h */,
				CEFA8CC019F9FCEC00A7D6DF /* RootVC.m */,
				CEFA8CBB19F9F95100A7D6DF /* PFCarouselView */,
				CEFA8C9E19F9F8FB00A7D6DF /* Images.xcassets */,
				CEFA8C9319F9F8FB00A7D6DF /* Supporting Files */,
			);
			path = PFCarouselView;
			sourceTree = "<group>";
		};
		CEFA8C9319F9F8FB00A7D6DF /* Supporting Files */ = {
			isa = PBXGroup;
			children = (
				CEFA8C9419F9F8FB00A7D6DF /* PFCarouselView-Info.plist */,
				CEFA8C9519F9F8FB00A7D6DF /* InfoPlist.strings */,
				CEFA8C9819F9F8FB00A7D6DF /* main.m */,
				CEFA8C9A19F9F8FB00A7D6DF /* PFCarouselView-Prefix.pch */,
			);
			name = "Supporting Files";
			sourceTree = "<group>";
		};
		CEFA8CAB19F9F8FB00A7D6DF /* PFCarouselViewTests */ = {
			isa = PBXGroup;
			children = (
				CEFA8CB119F9F8FB00A7D6DF /* PFCarouselViewTests.m */,
				CEFA8CAC19F9F8FB00A7D6DF /* Supporting Files */,
			);
			path = PFCarouselViewTests;
			sourceTree = "<group>";
		};
		CEFA8CAC19F9F8FB00A7D6DF /* Supporting Files */ = {
			isa = PBXGroup;
			children = (
				CEFA8CAD19F9F8FB00A7D6DF /* PFCarouselViewTests-Info.plist */,
				CEFA8CAE19F9F8FB00A7D6DF /* InfoPlist.strings */,
			);
			name = "Supporting Files";
			sourceTree = "<group>";
		};
		CEFA8CBB19F9F95100A7D6DF /* PFCarouselView */ = {
			isa = PBXGroup;
			children = (
				CEFA8CBC19F9F96900A7D6DF /* PFCarouselView.h */,
				CEFA8CBD19F9F96900A7D6DF /* PFCarouselView.m */,
			);
			path = PFCarouselView;
			sourceTree = "<group>";
		};
/* End PBXGroup section */

/* Begin PBXNativeTarget section */
		CEFA8C8819F9F8FB00A7D6DF /* PFCarouselView */ = {
			isa = PBXNativeTarget;
			buildConfigurationList = CEFA8CB519F9F8FB00A7D6DF /* Build configuration list for PBXNativeTarget "PFCarouselView" */;
			buildPhases = (
				CEFA8C8519F9F8FB00A7D6DF /* Sources */,
				CEFA8C8619F9F8FB00A7D6DF /* Frameworks */,
				CEFA8C8719F9F8FB00A7D6DF /* Resources */,
			);
			buildRules = (
			);
			dependencies = (
			);
			name = PFCarouselView;
			productName = PFCarouselView;
			productReference = CEFA8C8919F9F8FB00A7D6DF /* PFCarouselView.app */;
			productType = "com.apple.product-type.application";
		};
		CEFA8CA319F9F8FB00A7D6DF /* PFCarouselViewTests */ = {
			isa = PBXNativeTarget;
			buildConfigurationList = CEFA8CB819F9F8FB00A7D6DF /* Build configuration list for PBXNativeTarget "PFCarouselViewTests" */;
			buildPhases = (
				CEFA8CA019F9F8FB00A7D6DF /* Sources */,
				CEFA8CA119F9F8FB00A7D6DF /* Frameworks */,
				CEFA8CA219F9F8FB00A7D6DF /* Resources */,
			);
			buildRules = (
			);
			dependencies = (
				CEFA8CAA19F9F8FB00A7D6DF /* PBXTargetDependency */,
			);
			name = PFCarouselViewTests;
			productName = PFCarouselViewTests;
			productReference = CEFA8CA419F9F8FB00A7D6DF /* PFCarouselViewTests.xctest */;
			productType = "com.apple.product-type.bundle.unit-test";
		};
/* End PBXNativeTarget section */

/* Begin PBXProject section */
		CEFA8C8119F9F8FB00A7D6DF /* Project object */ = {
			isa = PBXProject;
			attributes = {
				LastUpgradeCheck = 0510;
				ORGANIZATIONNAME = PFei_He;
				TargetAttributes = {
					CEFA8CA319F9F8FB00A7D6DF = {
						TestTargetID = CEFA8C8819F9F8FB00A7D6DF;
					};
				};
			};
			buildConfigurationList = CEFA8C8419F9F8FB00A7D6DF /* Build configuration list for PBXProject "PFCarouselView" */;
			compatibilityVersion = "Xcode 3.2";
			developmentRegion = English;
			hasScannedForEncodings = 0;
			knownRegions = (
				en,
			);
			mainGroup = CEFA8C8019F9F8FB00A7D6DF;
			productRefGroup = CEFA8C8A19F9F8FB00A7D6DF /* Products */;
			projectDirPath = "";
			projectRoot = "";
			targets = (
				CEFA8C8819F9F8FB00A7D6DF /* PFCarouselView */,
				CEFA8CA319F9F8FB00A7D6DF /* PFCarouselViewTests */,
			);
		};
/* End PBXProject section */

/* Begin PBXResourcesBuildPhase section */
		CEFA8C8719F9F8FB00A7D6DF /* Resources */ = {
			isa = PBXResourcesBuildPhase;
			buildActionMask = 2147483647;
			files = (
				CEFA8C9719F9F8FB00A7D6DF /* InfoPlist.strings in Resources */,
				CEFA8C9F19F9F8FB00A7D6DF /* Images.xcassets in Resources */,
			);
			runOnlyForDeploymentPostprocessing = 0;
		};
		CEFA8CA219F9F8FB00A7D6DF /* Resources */ = {
			isa = PBXResourcesBuildPhase;
			buildActionMask = 2147483647;
			files = (
				CEFA8CB019F9F8FB00A7D6DF /* InfoPlist.strings in Resources */,
			);
			runOnlyForDeploymentPostprocessing = 0;
		};
/* End PBXResourcesBuildPhase section */

/* Begin PBXSourcesBuildPhase section */
		CEFA8C8519F9F8FB00A7D6DF /* Sources */ = {
			isa = PBXSourcesBuildPhase;
			buildActionMask = 2147483647;
			files = (
				CEFA8CC119F9FCEC00A7D6DF /* RootVC.m in Sources */,
				CEFA8CBE19F9F96900A7D6DF /* PFCarouselView.m in Sources */,
				CEFA8C9D19F9F8FB00A7D6DF /* AppDelegate.m in Sources */,
				CEFA8C9919F9F8FB00A7D6DF /* main.m in Sources */,
			);
			runOnlyForDeploymentPostprocessing = 0;
		};
		CEFA8CA019F9F8FB00A7D6DF /* Sources */ = {
			isa = PBXSourcesBuildPhase;
			buildActionMask = 2147483647;
			files = (
				CEFA8CB219F9F8FB00A7D6DF /* PFCarouselViewTests.m in Sources */,
			);
			runOnlyForDeploymentPostprocessing = 0;
		};
/* End PBXSourcesBuildPhase section */

/* Begin PBXTargetDependency section */
		CEFA8CAA19F9F8FB00A7D6DF /* PBXTargetDependency */ = {
			isa = PBXTargetDependency;
			target = CEFA8C8819F9F8FB00A7D6DF /* PFCarouselView */;
			targetProxy = CEFA8CA919F9F8FB00A7D6DF /* PBXContainerItemProxy */;
		};
/* End PBXTargetDependency section */

/* Begin PBXVariantGroup section */
		CEFA8C9519F9F8FB00A7D6DF /* InfoPlist.strings */ = {
			isa = PBXVariantGroup;
			children = (
				CEFA8C9619F9F8FB00A7D6DF /* en */,
			);
			name = InfoPlist.strings;
			sourceTree = "<group>";
		};
		CEFA8CAE19F9F8FB00A7D6DF /* InfoPlist.strings */ = {
			isa = PBXVariantGroup;
			children = (
				CEFA8CAF19F9F8FB00A7D6DF /* en */,
			);
			name = InfoPlist.strings;
			sourceTree = "<group>";
		};
/* End PBXVariantGroup section */

/* Begin XCBuildConfiguration section */
		CEFA8CB319F9F8FB00A7D6DF /* Debug */ = {
			isa = XCBuildConfiguration;
			buildSettings = {
				ALWAYS_SEARCH_USER_PATHS = NO;
				CLANG_CXX_LANGUAGE_STANDARD = "gnu++0x";
				CLANG_CXX_LIBRARY = "libc++";
				CLANG_ENABLE_MODULES = YES;
				CLANG_ENABLE_OBJC_ARC = YES;
				CLANG_WARN_BOOL_CONVERSION = YES;
				CLANG_WARN_CONSTANT_CONVERSION = YES;
				CLANG_WARN_DIRECT_OBJC_ISA_USAGE = YES_ERROR;
				CLANG_WARN_EMPTY_BODY = YES;
				CLANG_WARN_ENUM_CONVERSION = YES;
				CLANG_WARN_INT_CONVERSION = YES;
				CLANG_WARN_OBJC_ROOT_CLASS = YES_ERROR;
				CLANG_WARN__DUPLICATE_METHOD_MATCH = YES;
				"CODE_SIGN_IDENTITY[sdk=iphoneos*]" = "iPhone Developer";
				COPY_PHASE_STRIP = NO;
				GCC_C_LANGUAGE_STANDARD = gnu99;
				GCC_DYNAMIC_NO_PIC = NO;
				GCC_OPTIMIZATION_LEVEL = 0;
				GCC_PREPROCESSOR_DEFINITIONS = (
					"DEBUG=1",
					"$(inherited)",
				);
				GCC_SYMBOLS_PRIVATE_EXTERN = NO;
				GCC_WARN_64_TO_32_BIT_CONVERSION = YES;
				GCC_WARN_ABOUT_RETURN_TYPE = YES_ERROR;
				GCC_WARN_UNDECLARED_SELECTOR = YES;
				GCC_WARN_UNINITIALIZED_AUTOS = YES_AGGRESSIVE;
				GCC_WARN_UNUSED_FUNCTION = YES;
				GCC_WARN_UNUSED_VARIABLE = YES;
				IPHONEOS_DEPLOYMENT_TARGET = 7.1;
				ONLY_ACTIVE_ARCH = YES;
				SDKROOT = iphoneos;
				TARGETED_DEVICE_FAMILY = "1,2";
			};
			name = Debug;
		};
		CEFA8CB419F9F8FB00A7D6DF /* Release */ = {
			isa = XCBuildConfiguration;
			buildSettings = {
				ALWAYS_SEARCH_USER_PATHS = NO;
				CLANG_CXX_LANGUAGE_STANDARD = "gnu++0x";
				CLANG_CXX_LIBRARY = "libc++";
				CLANG_ENABLE_MODULES = YES;
				CLANG_ENABLE_OBJC_ARC = YES;
				CLANG_WARN_BOOL_CONVERSION = YES;
				CLANG_WARN_CONSTANT_CONVERSION = YES;
				CLANG_WARN_DIRECT_OBJC_ISA_USAGE = YES_ERROR;
				CLANG_WARN_EMPTY_BODY = YES;
				CLANG_WARN_ENUM_CONVERSION = YES;
				CLANG_WARN_INT_CONVERSION = YES;
				CLANG_WARN_OBJC_ROOT_CLASS = YES_ERROR;
				CLANG_WARN__DUPLICATE_METHOD_MATCH = YES;
				"CODE_SIGN_IDENTITY[sdk=iphoneos*]" = "iPhone Developer";
				COPY_PHASE_STRIP = YES;
				ENABLE_NS_ASSERTIONS = NO;
				GCC_C_LANGUAGE_STANDARD = gnu99;
				GCC_WARN_64_TO_32_BIT_CONVERSION = YES;
				GCC_WARN_ABOUT_RETURN_TYPE = YES_ERROR;
				GCC_WARN_UNDECLARED_SELECTOR = YES;
				GCC_WARN_UNINITIALIZED_AUTOS = YES_AGGRESSIVE;
				GCC_WARN_UNUSED_FUNCTION = YES;
				GCC_WARN_UNUSED_VARIABLE = YES;
				IPHONEOS_DEPLOYMENT_TARGET = 7.1;
				SDKROOT = iphoneos;
				TARGETED_DEVICE_FAMILY = "1,2";
				VALIDATE_PRODUCT = YES;
			};
			name = Release;
		};
		CEFA8CB619F9F8FB00A7D6DF /* Debug */ = {
			isa = XCBuildConfiguration;
			buildSettings = {
				ASSETCATALOG_COMPILER_APPICON_NAME = AppIcon;
				ASSETCATALOG_COMPILER_LAUNCHIMAGE_NAME = LaunchImage;
				GCC_PRECOMPILE_PREFIX_HEADER = YES;
				GCC_PREFIX_HEADER = "PFCarouselView/PFCarouselView-Prefix.pch";
				INFOPLIST_FILE = "PFCarouselView/PFCarouselView-Info.plist";
				PRODUCT_NAME = "$(TARGET_NAME)";
				WRAPPER_EXTENSION = app;
			};
			name = Debug;
		};
		CEFA8CB719F9F8FB00A7D6DF /* Release */ = {
			isa = XCBuildConfiguration;
			buildSettings = {
				ASSETCATALOG_COMPILER_APPICON_NAME = AppIcon;
				ASSETCATALOG_COMPILER_LAUNCHIMAGE_NAME = LaunchImage;
				GCC_PRECOMPILE_PREFIX_HEADER = YES;
				GCC_PREFIX_HEADER = "PFCarouselView/PFCarouselView-Prefix.pch";
				INFOPLIST_FILE = "PFCarouselView/PFCarouselView-Info.plist";
				PRODUCT_NAME = "$(TARGET_NAME)";
				WRAPPER_EXTENSION = app;
			};
			name = Release;
		};
		CEFA8CB919F9F8FB00A7D6DF /* Debug */ = {
			isa = XCBuildConfiguration;
			buildSettings = {
				BUNDLE_LOADER = "$(BUILT_PRODUCTS_DIR)/PFCarouselView.app/PFCarouselView";
				FRAMEWORK_SEARCH_PATHS = (
					"$(SDKROOT)/Developer/Library/Frameworks",
					"$(inherited)",
					"$(DEVELOPER_FRAMEWORKS_DIR)",
				);
				GCC_PRECOMPILE_PREFIX_HEADER = YES;
				GCC_PREFIX_HEADER = "PFCarouselView/PFCarouselView-Prefix.pch";
				GCC_PREPROCESSOR_DEFINITIONS = (
					"DEBUG=1",
					"$(inherited)",
				);
				INFOPLIST_FILE = "PFCarouselViewTests/PFCarouselViewTests-Info.plist";
				PRODUCT_NAME = "$(TARGET_NAME)";
				TEST_HOST = "$(BUNDLE_LOADER)";
				WRAPPER_EXTENSION = xctest;
			};
			name = Debug;
		};
		CEFA8CBA19F9F8FB00A7D6DF /* Release */ = {
			isa = XCBuildConfiguration;
			buildSettings = {
				BUNDLE_LOADER = "$(BUILT_PRODUCTS_DIR)/PFCarouselView.app/PFCarouselView";
				FRAMEWORK_SEARCH_PATHS = (
					"$(SDKROOT)/Developer/Library/Frameworks",
					"$(inherited)",
					"$(DEVELOPER_FRAMEWORKS_DIR)",
				);
				GCC_PRECOMPILE_PREFIX_HEADER = YES;
				GCC_PREFIX_HEADER = "PFCarouselView/PFCarouselView-Prefix.pch";
				INFOPLIST_FILE = "PFCarouselViewTests/PFCarouselViewTests-Info.plist";
				PRODUCT_NAME = "$(TARGET_NAME)";
				TEST_HOST = "$(BUNDLE_LOADER)";
				WRAPPER_EXTENSION = xctest;
			};
			name = Release;
		};
/* End XCBuildConfiguration section */

/* Begin XCConfigurationList section */
		CEFA8C8419F9F8FB00A7D6DF /* Build configuration list for PBXProject "PFCarouselView" */ = {
			isa = XCConfigurationList;
			buildConfigurations = (
				CEFA8CB319F9F8FB00A7D6DF /* Debug */,
				CEFA8CB419F9F8FB00A7D6DF /* Release */,
			);
			defaultConfigurationIsVisible = 0;
			defaultConfigurationName = Release;
		};
		CEFA8CB519F9F8FB00A7D6DF /* Build configuration list for PBXNativeTarget "PFCarouselView" */ = {
			isa = XCConfigurationList;
			buildConfigurations = (
				CEFA8CB619F9F8FB00A7D6DF /* Debug */,
				CEFA8CB719F9F8FB00A7D6DF /* Release */,
			);
			defaultConfigurationIsVisible = 0;
		};
		CEFA8CB819F9F8FB00A7D6DF /* Build configuration list for PBXNativeTarget "PFCarouselViewTests" */ = {
			isa = XCConfigurationList;
			buildConfigurations = (
				CEFA8CB919F9F8FB00A7D6DF /* Debug */,
				CEFA8CBA19F9F8FB00A7D6DF /* Release */,
			);
			defaultConfigurationIsVisible = 0;
		};
/* End XCConfigurationList section */
	};
	rootObject = CEFA8C8119F9F8FB00A7D6DF /* Project object */;
}
